// !$*UTF8*$!
{
	archiveVersion = 1;
	classes = {
	};
	objectVersion = 55;
	objects = {

/* Begin PBXBuildFile section */
<<<<<<< Updated upstream
		246099CC29D67EE000500EE8 /* Constant.swift in Sources */ = {isa = PBXBuildFile; fileRef = 246099CB29D67EE000500EE8 /* Constant.swift */; };
		246099CE29D67FDD00500EE8 /* PostingVillageLifeViewController.swift in Sources */ = {isa = PBXBuildFile; fileRef = 246099CD29D67FDD00500EE8 /* PostingVillageLifeViewController.swift */; };
		246099D029D6816000500EE8 /* PostingSummaryListView.swift in Sources */ = {isa = PBXBuildFile; fileRef = 246099CF29D6816000500EE8 /* PostingSummaryListView.swift */; };
		246099D329D6CF4400500EE8 /* TextView.swift in Sources */ = {isa = PBXBuildFile; fileRef = 246099D229D6CF4400500EE8 /* TextView.swift */; };
=======
		393C41F629CFCB4E002A80FC /* VillageLifeDummyData.json in Resources */ = {isa = PBXBuildFile; fileRef = 393C41F529CFCB4E002A80FC /* VillageLifeDummyData.json */; };
		393C41F829CFCBE8002A80FC /* String+Ex.swift in Sources */ = {isa = PBXBuildFile; fileRef = 393C41F729CFCBE8002A80FC /* String+Ex.swift */; };
>>>>>>> Stashed changes
		396ECB9929C35F6700ACE29E /* TopicListView.swift in Sources */ = {isa = PBXBuildFile; fileRef = 396ECB9829C35F6700ACE29E /* TopicListView.swift */; };
		396ECB9B29C3699800ACE29E /* JoinButton.swift in Sources */ = {isa = PBXBuildFile; fileRef = 396ECB9A29C3699800ACE29E /* JoinButton.swift */; };
		396ECBA229CFC5CC00ACE29E /* VillageLife.swift in Sources */ = {isa = PBXBuildFile; fileRef = 396ECBA129CFC5CC00ACE29E /* VillageLife.swift */; };
		396ECBA729CFC62300ACE29E /* VillageLifeViewModel.swift in Sources */ = {isa = PBXBuildFile; fileRef = 396ECBA629CFC62300ACE29E /* VillageLifeViewModel.swift */; };
		39ACE45729BB817D00DB7B1A /* UIView+Ex.swift in Sources */ = {isa = PBXBuildFile; fileRef = 39ACE45629BB817D00DB7B1A /* UIView+Ex.swift */; };
		39B4F09429A9D9EA00DA6B6D /* RootViewController.swift in Sources */ = {isa = PBXBuildFile; fileRef = 39B4F09329A9D9EA00DA6B6D /* RootViewController.swift */; };
		39B4F09829A9DA4300DA6B6D /* MainTabbarController.swift in Sources */ = {isa = PBXBuildFile; fileRef = 39B4F09729A9DA4300DA6B6D /* MainTabbarController.swift */; };
		39B4F09B29A9DA6B00DA6B6D /* HomeViewController.swift in Sources */ = {isa = PBXBuildFile; fileRef = 39B4F09A29A9DA6B00DA6B6D /* HomeViewController.swift */; };
		39B4F0A029B2360800DA6B6D /* VillageLifeViewController.swift in Sources */ = {isa = PBXBuildFile; fileRef = 39B4F09F29B2360800DA6B6D /* VillageLifeViewController.swift */; };
		39B4F0A229B236B600DA6B6D /* BaseUIViewController.swift in Sources */ = {isa = PBXBuildFile; fileRef = 39B4F0A129B236B600DA6B6D /* BaseUIViewController.swift */; };
		39B4F0A629B238E100DA6B6D /* VillageLifeTableViewCell.swift in Sources */ = {isa = PBXBuildFile; fileRef = 39B4F0A529B238E100DA6B6D /* VillageLifeTableViewCell.swift */; };
		39C3B28329B24B3D0067660F /* IconWithTextView.swift in Sources */ = {isa = PBXBuildFile; fileRef = 39C3B28229B24B3D0067660F /* IconWithTextView.swift */; };
		39C3B28629B9A44E0067660F /* CategoryButton.swift in Sources */ = {isa = PBXBuildFile; fileRef = 39C3B28529B9A44E0067660F /* CategoryButton.swift */; };
		39C3B28829B9A86F0067660F /* VillageLifeTableHeaderView.swift in Sources */ = {isa = PBXBuildFile; fileRef = 39C3B28729B9A86F0067660F /* VillageLifeTableHeaderView.swift */; };
		39C3B28A29B9B2710067660F /* BottomSheetView.swift in Sources */ = {isa = PBXBuildFile; fileRef = 39C3B28929B9B2710067660F /* BottomSheetView.swift */; };
		39C3B28D29B9B35B0067660F /* Common+Ex.swift in Sources */ = {isa = PBXBuildFile; fileRef = 39C3B28C29B9B35B0067660F /* Common+Ex.swift */; };
		EEC2D140197E6C5924CE492E /* Pods_DaangnMarketClone.framework in Frameworks */ = {isa = PBXBuildFile; fileRef = E28FA70C29304C16C9BE5C38 /* Pods_DaangnMarketClone.framework */; };
		F81BAF4729A7225100E8761D /* AppDelegate.swift in Sources */ = {isa = PBXBuildFile; fileRef = F81BAF4629A7225100E8761D /* AppDelegate.swift */; };
		F81BAF4B29A7225100E8761D /* SplashViewController.swift in Sources */ = {isa = PBXBuildFile; fileRef = F81BAF4A29A7225100E8761D /* SplashViewController.swift */; };
		F81BAF5029A7225300E8761D /* Assets.xcassets in Resources */ = {isa = PBXBuildFile; fileRef = F81BAF4F29A7225300E8761D /* Assets.xcassets */; };
		F81BAF5329A7225300E8761D /* LaunchScreen.storyboard in Resources */ = {isa = PBXBuildFile; fileRef = F81BAF5129A7225300E8761D /* LaunchScreen.storyboard */; };
		F83D8C6629CC1F0800B6F6F8 /* HomeModel.swift in Sources */ = {isa = PBXBuildFile; fileRef = F83D8C6529CC1F0800B6F6F8 /* HomeModel.swift */; };
		F83D8C6B29CC22A600B6F6F8 /* HomeDummyData.json in Resources */ = {isa = PBXBuildFile; fileRef = F83D8C6A29CC22A600B6F6F8 /* HomeDummyData.json */; };
		F83D8C6E29CC88BC00B6F6F8 /* HomeViewModel.swift in Sources */ = {isa = PBXBuildFile; fileRef = F83D8C6D29CC88BC00B6F6F8 /* HomeViewModel.swift */; };
		F86800F129B1BA5D00BBBA28 /* ItemTableViewCell.swift in Sources */ = {isa = PBXBuildFile; fileRef = F86800F029B1BA5D00BBBA28 /* ItemTableViewCell.swift */; };
		F898375C29D6BC91000E4C88 /* NavigationController.swift in Sources */ = {isa = PBXBuildFile; fileRef = F898375B29D6BC91000E4C88 /* NavigationController.swift */; };
		F89E700E29C4A579007A00C3 /* PostingItemViewController.swift in Sources */ = {isa = PBXBuildFile; fileRef = F89E700D29C4A579007A00C3 /* PostingItemViewController.swift */; };
		F8B5F9B129BAE34400638103 /* FloatingButtonViewController.swift in Sources */ = {isa = PBXBuildFile; fileRef = F8B5F9B029BAE34400638103 /* FloatingButtonViewController.swift */; };
/* End PBXBuildFile section */

/* Begin PBXFileReference section */
<<<<<<< Updated upstream
		246099CB29D67EE000500EE8 /* Constant.swift */ = {isa = PBXFileReference; lastKnownFileType = sourcecode.swift; path = Constant.swift; sourceTree = "<group>"; };
		246099CD29D67FDD00500EE8 /* PostingVillageLifeViewController.swift */ = {isa = PBXFileReference; lastKnownFileType = sourcecode.swift; path = PostingVillageLifeViewController.swift; sourceTree = "<group>"; };
		246099CF29D6816000500EE8 /* PostingSummaryListView.swift */ = {isa = PBXFileReference; lastKnownFileType = sourcecode.swift; path = PostingSummaryListView.swift; sourceTree = "<group>"; };
		246099D229D6CF4400500EE8 /* TextView.swift */ = {isa = PBXFileReference; lastKnownFileType = sourcecode.swift; path = TextView.swift; sourceTree = "<group>"; };
=======
		393C41F529CFCB4E002A80FC /* VillageLifeDummyData.json */ = {isa = PBXFileReference; lastKnownFileType = text.json; path = VillageLifeDummyData.json; sourceTree = "<group>"; };
		393C41F729CFCBE8002A80FC /* String+Ex.swift */ = {isa = PBXFileReference; lastKnownFileType = sourcecode.swift; path = "String+Ex.swift"; sourceTree = "<group>"; };
>>>>>>> Stashed changes
		396ECB9829C35F6700ACE29E /* TopicListView.swift */ = {isa = PBXFileReference; lastKnownFileType = sourcecode.swift; path = TopicListView.swift; sourceTree = "<group>"; };
		396ECB9A29C3699800ACE29E /* JoinButton.swift */ = {isa = PBXFileReference; lastKnownFileType = sourcecode.swift; path = JoinButton.swift; sourceTree = "<group>"; };
		396ECBA129CFC5CC00ACE29E /* VillageLife.swift */ = {isa = PBXFileReference; lastKnownFileType = sourcecode.swift; path = VillageLife.swift; sourceTree = "<group>"; };
		396ECBA629CFC62300ACE29E /* VillageLifeViewModel.swift */ = {isa = PBXFileReference; lastKnownFileType = sourcecode.swift; path = VillageLifeViewModel.swift; sourceTree = "<group>"; };
		39ACE45629BB817D00DB7B1A /* UIView+Ex.swift */ = {isa = PBXFileReference; lastKnownFileType = sourcecode.swift; path = "UIView+Ex.swift"; sourceTree = "<group>"; };
		39B4F09329A9D9EA00DA6B6D /* RootViewController.swift */ = {isa = PBXFileReference; lastKnownFileType = sourcecode.swift; path = RootViewController.swift; sourceTree = "<group>"; };
		39B4F09729A9DA4300DA6B6D /* MainTabbarController.swift */ = {isa = PBXFileReference; lastKnownFileType = sourcecode.swift; path = MainTabbarController.swift; sourceTree = "<group>"; };
		39B4F09A29A9DA6B00DA6B6D /* HomeViewController.swift */ = {isa = PBXFileReference; lastKnownFileType = sourcecode.swift; path = HomeViewController.swift; sourceTree = "<group>"; };
		39B4F09F29B2360800DA6B6D /* VillageLifeViewController.swift */ = {isa = PBXFileReference; lastKnownFileType = sourcecode.swift; path = VillageLifeViewController.swift; sourceTree = "<group>"; };
		39B4F0A129B236B600DA6B6D /* BaseUIViewController.swift */ = {isa = PBXFileReference; lastKnownFileType = sourcecode.swift; path = BaseUIViewController.swift; sourceTree = "<group>"; };
		39B4F0A529B238E100DA6B6D /* VillageLifeTableViewCell.swift */ = {isa = PBXFileReference; lastKnownFileType = sourcecode.swift; path = VillageLifeTableViewCell.swift; sourceTree = "<group>"; };
		39C3B28229B24B3D0067660F /* IconWithTextView.swift */ = {isa = PBXFileReference; lastKnownFileType = sourcecode.swift; path = IconWithTextView.swift; sourceTree = "<group>"; };
		39C3B28529B9A44E0067660F /* CategoryButton.swift */ = {isa = PBXFileReference; lastKnownFileType = sourcecode.swift; path = CategoryButton.swift; sourceTree = "<group>"; };
		39C3B28729B9A86F0067660F /* VillageLifeTableHeaderView.swift */ = {isa = PBXFileReference; lastKnownFileType = sourcecode.swift; path = VillageLifeTableHeaderView.swift; sourceTree = "<group>"; };
		39C3B28929B9B2710067660F /* BottomSheetView.swift */ = {isa = PBXFileReference; lastKnownFileType = sourcecode.swift; path = BottomSheetView.swift; sourceTree = "<group>"; };
		39C3B28C29B9B35B0067660F /* Common+Ex.swift */ = {isa = PBXFileReference; lastKnownFileType = sourcecode.swift; path = "Common+Ex.swift"; sourceTree = "<group>"; };
		6BF0F83029071778FAE62952 /* Pods-DaangnMarketClone.release.xcconfig */ = {isa = PBXFileReference; includeInIndex = 1; lastKnownFileType = text.xcconfig; name = "Pods-DaangnMarketClone.release.xcconfig"; path = "Target Support Files/Pods-DaangnMarketClone/Pods-DaangnMarketClone.release.xcconfig"; sourceTree = "<group>"; };
		E28FA70C29304C16C9BE5C38 /* Pods_DaangnMarketClone.framework */ = {isa = PBXFileReference; explicitFileType = wrapper.framework; includeInIndex = 0; path = Pods_DaangnMarketClone.framework; sourceTree = BUILT_PRODUCTS_DIR; };
		F81BAF4329A7225100E8761D /* DaangnMarketClone.app */ = {isa = PBXFileReference; explicitFileType = wrapper.application; includeInIndex = 0; path = DaangnMarketClone.app; sourceTree = BUILT_PRODUCTS_DIR; };
		F81BAF4629A7225100E8761D /* AppDelegate.swift */ = {isa = PBXFileReference; lastKnownFileType = sourcecode.swift; path = AppDelegate.swift; sourceTree = "<group>"; };
		F81BAF4A29A7225100E8761D /* SplashViewController.swift */ = {isa = PBXFileReference; lastKnownFileType = sourcecode.swift; path = SplashViewController.swift; sourceTree = "<group>"; };
		F81BAF4F29A7225300E8761D /* Assets.xcassets */ = {isa = PBXFileReference; lastKnownFileType = folder.assetcatalog; path = Assets.xcassets; sourceTree = "<group>"; };
		F81BAF5229A7225300E8761D /* Base */ = {isa = PBXFileReference; lastKnownFileType = file.storyboard; name = Base; path = Base.lproj/LaunchScreen.storyboard; sourceTree = "<group>"; };
		F81BAF5429A7225300E8761D /* Info.plist */ = {isa = PBXFileReference; lastKnownFileType = text.plist.xml; path = Info.plist; sourceTree = "<group>"; };
		F83D8C6529CC1F0800B6F6F8 /* HomeModel.swift */ = {isa = PBXFileReference; lastKnownFileType = sourcecode.swift; path = HomeModel.swift; sourceTree = "<group>"; };
		F83D8C6A29CC22A600B6F6F8 /* HomeDummyData.json */ = {isa = PBXFileReference; fileEncoding = 4; lastKnownFileType = text.json; path = HomeDummyData.json; sourceTree = "<group>"; };
		F83D8C6D29CC88BC00B6F6F8 /* HomeViewModel.swift */ = {isa = PBXFileReference; lastKnownFileType = sourcecode.swift; path = HomeViewModel.swift; sourceTree = "<group>"; };
		F86800F029B1BA5D00BBBA28 /* ItemTableViewCell.swift */ = {isa = PBXFileReference; lastKnownFileType = sourcecode.swift; path = ItemTableViewCell.swift; sourceTree = "<group>"; };
		F898375B29D6BC91000E4C88 /* NavigationController.swift */ = {isa = PBXFileReference; lastKnownFileType = sourcecode.swift; path = NavigationController.swift; sourceTree = "<group>"; };
		F89E700D29C4A579007A00C3 /* PostingItemViewController.swift */ = {isa = PBXFileReference; lastKnownFileType = sourcecode.swift; path = PostingItemViewController.swift; sourceTree = "<group>"; };
		F8B5F9B029BAE34400638103 /* FloatingButtonViewController.swift */ = {isa = PBXFileReference; lastKnownFileType = sourcecode.swift; path = FloatingButtonViewController.swift; sourceTree = "<group>"; };
		FB58295250B9DB4DFA274626 /* Pods-DaangnMarketClone.debug.xcconfig */ = {isa = PBXFileReference; includeInIndex = 1; lastKnownFileType = text.xcconfig; name = "Pods-DaangnMarketClone.debug.xcconfig"; path = "Target Support Files/Pods-DaangnMarketClone/Pods-DaangnMarketClone.debug.xcconfig"; sourceTree = "<group>"; };
/* End PBXFileReference section */

/* Begin PBXFrameworksBuildPhase section */
		F81BAF4029A7225100E8761D /* Frameworks */ = {
			isa = PBXFrameworksBuildPhase;
			buildActionMask = 2147483647;
			files = (
				EEC2D140197E6C5924CE492E /* Pods_DaangnMarketClone.framework in Frameworks */,
			);
			runOnlyForDeploymentPostprocessing = 0;
		};
/* End PBXFrameworksBuildPhase section */

/* Begin PBXGroup section */
		246099D129D6CF3600500EE8 /* UITextView */ = {
			isa = PBXGroup;
			children = (
				246099D229D6CF4400500EE8 /* TextView.swift */,
			);
			path = UITextView;
			sourceTree = "<group>";
		};
		2477C05626726141C90F3849 /* Frameworks */ = {
			isa = PBXGroup;
			children = (
				E28FA70C29304C16C9BE5C38 /* Pods_DaangnMarketClone.framework */,
			);
			name = Frameworks;
			sourceTree = "<group>";
		};
		396ECBA029CFC58100ACE29E /* Model */ = {
			isa = PBXGroup;
			children = (
				396ECBA129CFC5CC00ACE29E /* VillageLife.swift */,
				393C41F529CFCB4E002A80FC /* VillageLifeDummyData.json */,
			);
			path = Model;
			sourceTree = "<group>";
		};
		396ECBA529CFC60800ACE29E /* ViweModel */ = {
			isa = PBXGroup;
			children = (
				396ECBA629CFC62300ACE29E /* VillageLifeViewModel.swift */,
			);
			path = ViweModel;
			sourceTree = "<group>";
		};
		39B4F09229A9D9CB00DA6B6D /* Common */ = {
			isa = PBXGroup;
			children = (
				F81BAF4629A7225100E8761D /* AppDelegate.swift */,
				39B4F09329A9D9EA00DA6B6D /* RootViewController.swift */,
				F81BAF4A29A7225100E8761D /* SplashViewController.swift */,
				39B4F0A129B236B600DA6B6D /* BaseUIViewController.swift */,
				F8B5F9B029BAE34400638103 /* FloatingButtonViewController.swift */,
				F898375B29D6BC91000E4C88 /* NavigationController.swift */,
			);
			path = Common;
			sourceTree = "<group>";
		};
		39B4F09529A9D9F200DA6B6D /* Utils */ = {
			isa = PBXGroup;
			children = (
				F81BAF4F29A7225300E8761D /* Assets.xcassets */,
				F81BAF5129A7225300E8761D /* LaunchScreen.storyboard */,
			);
			path = Utils;
			sourceTree = "<group>";
		};
		39B4F09629A9DA1500DA6B6D /* Main */ = {
			isa = PBXGroup;
			children = (
				39B4F09729A9DA4300DA6B6D /* MainTabbarController.swift */,
				39B4F09929A9DA5900DA6B6D /* Home */,
				39B4F09E29B2358500DA6B6D /* VillageLife */,
			);
			path = Main;
			sourceTree = "<group>";
		};
		39B4F09929A9DA5900DA6B6D /* Home */ = {
			isa = PBXGroup;
			children = (
				39B4F09A29A9DA6B00DA6B6D /* HomeViewController.swift */,
				F89E700D29C4A579007A00C3 /* PostingItemViewController.swift */,
				F8B5F9AF29BAE2D100638103 /* View */,
			);
			path = Home;
			sourceTree = "<group>";
		};
		39B4F09E29B2358500DA6B6D /* VillageLife */ = {
			isa = PBXGroup;
			children = (
<<<<<<< Updated upstream
				39B4F09F29B2360800DA6B6D /* VillageLifeViewController.swift */,
				246099CD29D67FDD00500EE8 /* PostingVillageLifeViewController.swift */,
=======
				396ECBA029CFC58100ACE29E /* Model */,
>>>>>>> Stashed changes
				39B4F0A329B238A100DA6B6D /* View */,
				396ECBA529CFC60800ACE29E /* ViweModel */,
			);
			path = VillageLife;
			sourceTree = "<group>";
		};
		39B4F0A329B238A100DA6B6D /* View */ = {
			isa = PBXGroup;
			children = (
				39B4F09F29B2360800DA6B6D /* VillageLifeViewController.swift */,
				39B4F0A529B238E100DA6B6D /* VillageLifeTableViewCell.swift */,
				39C3B28729B9A86F0067660F /* VillageLifeTableHeaderView.swift */,
				396ECB9829C35F6700ACE29E /* TopicListView.swift */,
				246099CF29D6816000500EE8 /* PostingSummaryListView.swift */,
			);
			path = View;
			sourceTree = "<group>";
		};
		39B4F0AC29B24ACA00DA6B6D /* Custom Components */ = {
			isa = PBXGroup;
			children = (
				246099D129D6CF3600500EE8 /* UITextView */,
				39C3B28429B9A4130067660F /* UIButton */,
				39C3B28129B24B2D0067660F /* UIView */,
			);
			path = "Custom Components";
			sourceTree = "<group>";
		};
		39C3B28129B24B2D0067660F /* UIView */ = {
			isa = PBXGroup;
			children = (
				39C3B28229B24B3D0067660F /* IconWithTextView.swift */,
				39C3B28929B9B2710067660F /* BottomSheetView.swift */,
			);
			path = UIView;
			sourceTree = "<group>";
		};
		39C3B28429B9A4130067660F /* UIButton */ = {
			isa = PBXGroup;
			children = (
				39C3B28529B9A44E0067660F /* CategoryButton.swift */,
				396ECB9A29C3699800ACE29E /* JoinButton.swift */,
			);
			path = UIButton;
			sourceTree = "<group>";
		};
		39C3B28B29B9B3450067660F /* Extenstions */ = {
			isa = PBXGroup;
			children = (
				39C3B28C29B9B35B0067660F /* Common+Ex.swift */,
				39ACE45629BB817D00DB7B1A /* UIView+Ex.swift */,
<<<<<<< Updated upstream
				246099CB29D67EE000500EE8 /* Constant.swift */,
=======
				393C41F729CFCBE8002A80FC /* String+Ex.swift */,
>>>>>>> Stashed changes
			);
			path = Extenstions;
			sourceTree = "<group>";
		};
		D673F8A93189DE4265D83812 /* Pods */ = {
			isa = PBXGroup;
			children = (
				FB58295250B9DB4DFA274626 /* Pods-DaangnMarketClone.debug.xcconfig */,
				6BF0F83029071778FAE62952 /* Pods-DaangnMarketClone.release.xcconfig */,
			);
			path = Pods;
			sourceTree = "<group>";
		};
		F81BAF3A29A7225100E8761D = {
			isa = PBXGroup;
			children = (
				F81BAF4529A7225100E8761D /* DaangnMarketClone */,
				F81BAF4429A7225100E8761D /* Products */,
				D673F8A93189DE4265D83812 /* Pods */,
				2477C05626726141C90F3849 /* Frameworks */,
			);
			sourceTree = "<group>";
		};
		F81BAF4429A7225100E8761D /* Products */ = {
			isa = PBXGroup;
			children = (
				F81BAF4329A7225100E8761D /* DaangnMarketClone.app */,
			);
			name = Products;
			sourceTree = "<group>";
		};
		F81BAF4529A7225100E8761D /* DaangnMarketClone */ = {
			isa = PBXGroup;
			children = (
				F83D8C6C29CC232300B6F6F8 /* ViewModel */,
				F83D8C6429CC1EF100B6F6F8 /* Model */,
				39C3B28B29B9B3450067660F /* Extenstions */,
				39B4F0AC29B24ACA00DA6B6D /* Custom Components */,
				39B4F09229A9D9CB00DA6B6D /* Common */,
				39B4F09629A9DA1500DA6B6D /* Main */,
				39B4F09529A9D9F200DA6B6D /* Utils */,
				F81BAF5429A7225300E8761D /* Info.plist */,
			);
			path = DaangnMarketClone;
			sourceTree = "<group>";
		};
		F83D8C6429CC1EF100B6F6F8 /* Model */ = {
			isa = PBXGroup;
			children = (
				F83D8C6529CC1F0800B6F6F8 /* HomeModel.swift */,
				F83D8C6A29CC22A600B6F6F8 /* HomeDummyData.json */,
			);
			path = Model;
			sourceTree = "<group>";
		};
		F83D8C6C29CC232300B6F6F8 /* ViewModel */ = {
			isa = PBXGroup;
			children = (
				F83D8C6D29CC88BC00B6F6F8 /* HomeViewModel.swift */,
			);
			path = ViewModel;
			sourceTree = "<group>";
		};
		F8B5F9AF29BAE2D100638103 /* View */ = {
			isa = PBXGroup;
			children = (
				F86800F029B1BA5D00BBBA28 /* ItemTableViewCell.swift */,
			);
			path = View;
			sourceTree = "<group>";
		};
/* End PBXGroup section */

/* Begin PBXNativeTarget section */
		F81BAF4229A7225100E8761D /* DaangnMarketClone */ = {
			isa = PBXNativeTarget;
			buildConfigurationList = F81BAF5729A7225300E8761D /* Build configuration list for PBXNativeTarget "DaangnMarketClone" */;
			buildPhases = (
				C7022EB041EB60366940505C /* [CP] Check Pods Manifest.lock */,
				F81BAF3F29A7225100E8761D /* Sources */,
				F81BAF4029A7225100E8761D /* Frameworks */,
				F81BAF4129A7225100E8761D /* Resources */,
				B73A2C05A4416465DEBF5A9F /* [CP] Embed Pods Frameworks */,
			);
			buildRules = (
			);
			dependencies = (
			);
			name = DaangnMarketClone;
			productName = DaangnMarketClone;
			productReference = F81BAF4329A7225100E8761D /* DaangnMarketClone.app */;
			productType = "com.apple.product-type.application";
		};
/* End PBXNativeTarget section */

/* Begin PBXProject section */
		F81BAF3B29A7225100E8761D /* Project object */ = {
			isa = PBXProject;
			attributes = {
				BuildIndependentTargetsInParallel = 1;
				LastSwiftUpdateCheck = 1410;
				LastUpgradeCheck = 1410;
				TargetAttributes = {
					F81BAF4229A7225100E8761D = {
						CreatedOnToolsVersion = 14.1;
					};
				};
			};
			buildConfigurationList = F81BAF3E29A7225100E8761D /* Build configuration list for PBXProject "DaangnMarketClone" */;
			compatibilityVersion = "Xcode 13.0";
			developmentRegion = en;
			hasScannedForEncodings = 0;
			knownRegions = (
				en,
				Base,
			);
			mainGroup = F81BAF3A29A7225100E8761D;
			productRefGroup = F81BAF4429A7225100E8761D /* Products */;
			projectDirPath = "";
			projectRoot = "";
			targets = (
				F81BAF4229A7225100E8761D /* DaangnMarketClone */,
			);
		};
/* End PBXProject section */

/* Begin PBXResourcesBuildPhase section */
		F81BAF4129A7225100E8761D /* Resources */ = {
			isa = PBXResourcesBuildPhase;
			buildActionMask = 2147483647;
			files = (
				F81BAF5329A7225300E8761D /* LaunchScreen.storyboard in Resources */,
				F81BAF5029A7225300E8761D /* Assets.xcassets in Resources */,
				393C41F629CFCB4E002A80FC /* VillageLifeDummyData.json in Resources */,
				F83D8C6B29CC22A600B6F6F8 /* HomeDummyData.json in Resources */,
			);
			runOnlyForDeploymentPostprocessing = 0;
		};
/* End PBXResourcesBuildPhase section */

/* Begin PBXShellScriptBuildPhase section */
		B73A2C05A4416465DEBF5A9F /* [CP] Embed Pods Frameworks */ = {
			isa = PBXShellScriptBuildPhase;
			buildActionMask = 2147483647;
			files = (
			);
			inputFileListPaths = (
				"${PODS_ROOT}/Target Support Files/Pods-DaangnMarketClone/Pods-DaangnMarketClone-frameworks-${CONFIGURATION}-input-files.xcfilelist",
			);
			name = "[CP] Embed Pods Frameworks";
			outputFileListPaths = (
				"${PODS_ROOT}/Target Support Files/Pods-DaangnMarketClone/Pods-DaangnMarketClone-frameworks-${CONFIGURATION}-output-files.xcfilelist",
			);
			runOnlyForDeploymentPostprocessing = 0;
			shellPath = /bin/sh;
			shellScript = "\"${PODS_ROOT}/Target Support Files/Pods-DaangnMarketClone/Pods-DaangnMarketClone-frameworks.sh\"\n";
			showEnvVarsInLog = 0;
		};
		C7022EB041EB60366940505C /* [CP] Check Pods Manifest.lock */ = {
			isa = PBXShellScriptBuildPhase;
			buildActionMask = 2147483647;
			files = (
			);
			inputFileListPaths = (
			);
			inputPaths = (
				"${PODS_PODFILE_DIR_PATH}/Podfile.lock",
				"${PODS_ROOT}/Manifest.lock",
			);
			name = "[CP] Check Pods Manifest.lock";
			outputFileListPaths = (
			);
			outputPaths = (
				"$(DERIVED_FILE_DIR)/Pods-DaangnMarketClone-checkManifestLockResult.txt",
			);
			runOnlyForDeploymentPostprocessing = 0;
			shellPath = /bin/sh;
			shellScript = "diff \"${PODS_PODFILE_DIR_PATH}/Podfile.lock\" \"${PODS_ROOT}/Manifest.lock\" > /dev/null\nif [ $? != 0 ] ; then\n    # print error to STDERR\n    echo \"error: The sandbox is not in sync with the Podfile.lock. Run 'pod install' or update your CocoaPods installation.\" >&2\n    exit 1\nfi\n# This output is used by Xcode 'outputs' to avoid re-running this script phase.\necho \"SUCCESS\" > \"${SCRIPT_OUTPUT_FILE_0}\"\n";
			showEnvVarsInLog = 0;
		};
/* End PBXShellScriptBuildPhase section */

/* Begin PBXSourcesBuildPhase section */
		F81BAF3F29A7225100E8761D /* Sources */ = {
			isa = PBXSourcesBuildPhase;
			buildActionMask = 2147483647;
			files = (
				39C3B28329B24B3D0067660F /* IconWithTextView.swift in Sources */,
				396ECB9B29C3699800ACE29E /* JoinButton.swift in Sources */,
				F86800F129B1BA5D00BBBA28 /* ItemTableViewCell.swift in Sources */,
				F83D8C6629CC1F0800B6F6F8 /* HomeModel.swift in Sources */,
				39B4F09B29A9DA6B00DA6B6D /* HomeViewController.swift in Sources */,
<<<<<<< Updated upstream
				F898375C29D6BC91000E4C88 /* NavigationController.swift in Sources */,
=======
				396ECBA729CFC62300ACE29E /* VillageLifeViewModel.swift in Sources */,
>>>>>>> Stashed changes
				F8B5F9B129BAE34400638103 /* FloatingButtonViewController.swift in Sources */,
				246099CE29D67FDD00500EE8 /* PostingVillageLifeViewController.swift in Sources */,
				F81BAF4B29A7225100E8761D /* SplashViewController.swift in Sources */,
				39C3B28829B9A86F0067660F /* VillageLifeTableHeaderView.swift in Sources */,
				393C41F829CFCBE8002A80FC /* String+Ex.swift in Sources */,
				39B4F0A029B2360800DA6B6D /* VillageLifeViewController.swift in Sources */,
				F81BAF4729A7225100E8761D /* AppDelegate.swift in Sources */,
				39B4F0A229B236B600DA6B6D /* BaseUIViewController.swift in Sources */,
				396ECB9929C35F6700ACE29E /* TopicListView.swift in Sources */,
				396ECBA229CFC5CC00ACE29E /* VillageLife.swift in Sources */,
				39C3B28A29B9B2710067660F /* BottomSheetView.swift in Sources */,
				246099D329D6CF4400500EE8 /* TextView.swift in Sources */,
				39C3B28D29B9B35B0067660F /* Common+Ex.swift in Sources */,
				39ACE45729BB817D00DB7B1A /* UIView+Ex.swift in Sources */,
				246099D029D6816000500EE8 /* PostingSummaryListView.swift in Sources */,
				39B4F0A629B238E100DA6B6D /* VillageLifeTableViewCell.swift in Sources */,
				F83D8C6E29CC88BC00B6F6F8 /* HomeViewModel.swift in Sources */,
				39C3B28629B9A44E0067660F /* CategoryButton.swift in Sources */,
				39B4F09829A9DA4300DA6B6D /* MainTabbarController.swift in Sources */,
				246099CC29D67EE000500EE8 /* Constant.swift in Sources */,
				F89E700E29C4A579007A00C3 /* PostingItemViewController.swift in Sources */,
				39B4F09429A9D9EA00DA6B6D /* RootViewController.swift in Sources */,
			);
			runOnlyForDeploymentPostprocessing = 0;
		};
/* End PBXSourcesBuildPhase section */

/* Begin PBXVariantGroup section */
		F81BAF5129A7225300E8761D /* LaunchScreen.storyboard */ = {
			isa = PBXVariantGroup;
			children = (
				F81BAF5229A7225300E8761D /* Base */,
			);
			name = LaunchScreen.storyboard;
			sourceTree = "<group>";
		};
/* End PBXVariantGroup section */

/* Begin XCBuildConfiguration section */
		F81BAF5529A7225300E8761D /* Debug */ = {
			isa = XCBuildConfiguration;
			buildSettings = {
				ALWAYS_SEARCH_USER_PATHS = NO;
				CLANG_ANALYZER_NONNULL = YES;
				CLANG_ANALYZER_NUMBER_OBJECT_CONVERSION = YES_AGGRESSIVE;
				CLANG_CXX_LANGUAGE_STANDARD = "gnu++20";
				CLANG_ENABLE_MODULES = YES;
				CLANG_ENABLE_OBJC_ARC = YES;
				CLANG_ENABLE_OBJC_WEAK = YES;
				CLANG_WARN_BLOCK_CAPTURE_AUTORELEASING = YES;
				CLANG_WARN_BOOL_CONVERSION = YES;
				CLANG_WARN_COMMA = YES;
				CLANG_WARN_CONSTANT_CONVERSION = YES;
				CLANG_WARN_DEPRECATED_OBJC_IMPLEMENTATIONS = YES;
				CLANG_WARN_DIRECT_OBJC_ISA_USAGE = YES_ERROR;
				CLANG_WARN_DOCUMENTATION_COMMENTS = YES;
				CLANG_WARN_EMPTY_BODY = YES;
				CLANG_WARN_ENUM_CONVERSION = YES;
				CLANG_WARN_INFINITE_RECURSION = YES;
				CLANG_WARN_INT_CONVERSION = YES;
				CLANG_WARN_NON_LITERAL_NULL_CONVERSION = YES;
				CLANG_WARN_OBJC_IMPLICIT_RETAIN_SELF = YES;
				CLANG_WARN_OBJC_LITERAL_CONVERSION = YES;
				CLANG_WARN_OBJC_ROOT_CLASS = YES_ERROR;
				CLANG_WARN_QUOTED_INCLUDE_IN_FRAMEWORK_HEADER = YES;
				CLANG_WARN_RANGE_LOOP_ANALYSIS = YES;
				CLANG_WARN_STRICT_PROTOTYPES = YES;
				CLANG_WARN_SUSPICIOUS_MOVE = YES;
				CLANG_WARN_UNGUARDED_AVAILABILITY = YES_AGGRESSIVE;
				CLANG_WARN_UNREACHABLE_CODE = YES;
				CLANG_WARN__DUPLICATE_METHOD_MATCH = YES;
				COPY_PHASE_STRIP = NO;
				DEBUG_INFORMATION_FORMAT = dwarf;
				ENABLE_STRICT_OBJC_MSGSEND = YES;
				ENABLE_TESTABILITY = YES;
				GCC_C_LANGUAGE_STANDARD = gnu11;
				GCC_DYNAMIC_NO_PIC = NO;
				GCC_NO_COMMON_BLOCKS = YES;
				GCC_OPTIMIZATION_LEVEL = 0;
				GCC_PREPROCESSOR_DEFINITIONS = (
					"DEBUG=1",
					"$(inherited)",
				);
				GCC_WARN_64_TO_32_BIT_CONVERSION = YES;
				GCC_WARN_ABOUT_RETURN_TYPE = YES_ERROR;
				GCC_WARN_UNDECLARED_SELECTOR = YES;
				GCC_WARN_UNINITIALIZED_AUTOS = YES_AGGRESSIVE;
				GCC_WARN_UNUSED_FUNCTION = YES;
				GCC_WARN_UNUSED_VARIABLE = YES;
				IPHONEOS_DEPLOYMENT_TARGET = 16.1;
				MTL_ENABLE_DEBUG_INFO = INCLUDE_SOURCE;
				MTL_FAST_MATH = YES;
				ONLY_ACTIVE_ARCH = YES;
				SDKROOT = iphoneos;
				SWIFT_ACTIVE_COMPILATION_CONDITIONS = DEBUG;
				SWIFT_OPTIMIZATION_LEVEL = "-Onone";
			};
			name = Debug;
		};
		F81BAF5629A7225300E8761D /* Release */ = {
			isa = XCBuildConfiguration;
			buildSettings = {
				ALWAYS_SEARCH_USER_PATHS = NO;
				CLANG_ANALYZER_NONNULL = YES;
				CLANG_ANALYZER_NUMBER_OBJECT_CONVERSION = YES_AGGRESSIVE;
				CLANG_CXX_LANGUAGE_STANDARD = "gnu++20";
				CLANG_ENABLE_MODULES = YES;
				CLANG_ENABLE_OBJC_ARC = YES;
				CLANG_ENABLE_OBJC_WEAK = YES;
				CLANG_WARN_BLOCK_CAPTURE_AUTORELEASING = YES;
				CLANG_WARN_BOOL_CONVERSION = YES;
				CLANG_WARN_COMMA = YES;
				CLANG_WARN_CONSTANT_CONVERSION = YES;
				CLANG_WARN_DEPRECATED_OBJC_IMPLEMENTATIONS = YES;
				CLANG_WARN_DIRECT_OBJC_ISA_USAGE = YES_ERROR;
				CLANG_WARN_DOCUMENTATION_COMMENTS = YES;
				CLANG_WARN_EMPTY_BODY = YES;
				CLANG_WARN_ENUM_CONVERSION = YES;
				CLANG_WARN_INFINITE_RECURSION = YES;
				CLANG_WARN_INT_CONVERSION = YES;
				CLANG_WARN_NON_LITERAL_NULL_CONVERSION = YES;
				CLANG_WARN_OBJC_IMPLICIT_RETAIN_SELF = YES;
				CLANG_WARN_OBJC_LITERAL_CONVERSION = YES;
				CLANG_WARN_OBJC_ROOT_CLASS = YES_ERROR;
				CLANG_WARN_QUOTED_INCLUDE_IN_FRAMEWORK_HEADER = YES;
				CLANG_WARN_RANGE_LOOP_ANALYSIS = YES;
				CLANG_WARN_STRICT_PROTOTYPES = YES;
				CLANG_WARN_SUSPICIOUS_MOVE = YES;
				CLANG_WARN_UNGUARDED_AVAILABILITY = YES_AGGRESSIVE;
				CLANG_WARN_UNREACHABLE_CODE = YES;
				CLANG_WARN__DUPLICATE_METHOD_MATCH = YES;
				COPY_PHASE_STRIP = NO;
				DEBUG_INFORMATION_FORMAT = "dwarf-with-dsym";
				ENABLE_NS_ASSERTIONS = NO;
				ENABLE_STRICT_OBJC_MSGSEND = YES;
				GCC_C_LANGUAGE_STANDARD = gnu11;
				GCC_NO_COMMON_BLOCKS = YES;
				GCC_WARN_64_TO_32_BIT_CONVERSION = YES;
				GCC_WARN_ABOUT_RETURN_TYPE = YES_ERROR;
				GCC_WARN_UNDECLARED_SELECTOR = YES;
				GCC_WARN_UNINITIALIZED_AUTOS = YES_AGGRESSIVE;
				GCC_WARN_UNUSED_FUNCTION = YES;
				GCC_WARN_UNUSED_VARIABLE = YES;
				IPHONEOS_DEPLOYMENT_TARGET = 16.1;
				MTL_ENABLE_DEBUG_INFO = NO;
				MTL_FAST_MATH = YES;
				SDKROOT = iphoneos;
				SWIFT_COMPILATION_MODE = wholemodule;
				SWIFT_OPTIMIZATION_LEVEL = "-O";
				VALIDATE_PRODUCT = YES;
			};
			name = Release;
		};
		F81BAF5829A7225300E8761D /* Debug */ = {
			isa = XCBuildConfiguration;
			baseConfigurationReference = FB58295250B9DB4DFA274626 /* Pods-DaangnMarketClone.debug.xcconfig */;
			buildSettings = {
				ASSETCATALOG_COMPILER_APPICON_NAME = AppIcon;
				ASSETCATALOG_COMPILER_GLOBAL_ACCENT_COLOR_NAME = AccentColor;
				CODE_SIGN_STYLE = Automatic;
				CURRENT_PROJECT_VERSION = 1;
				DEVELOPMENT_TEAM = PK8R4W75W3;
				GENERATE_INFOPLIST_FILE = YES;
				INFOPLIST_FILE = DaangnMarketClone/Info.plist;
				INFOPLIST_KEY_UIApplicationSupportsIndirectInputEvents = YES;
				INFOPLIST_KEY_UILaunchStoryboardName = LaunchScreen;
				INFOPLIST_KEY_UISupportedInterfaceOrientations_iPad = "UIInterfaceOrientationPortrait UIInterfaceOrientationPortraitUpsideDown UIInterfaceOrientationLandscapeLeft UIInterfaceOrientationLandscapeRight";
				INFOPLIST_KEY_UISupportedInterfaceOrientations_iPhone = "UIInterfaceOrientationPortrait UIInterfaceOrientationLandscapeLeft UIInterfaceOrientationLandscapeRight";
				IPHONEOS_DEPLOYMENT_TARGET = 13.0;
				LD_RUNPATH_SEARCH_PATHS = (
					"$(inherited)",
					"@executable_path/Frameworks",
				);
				MARKETING_VERSION = 1.0;
				PRODUCT_BUNDLE_IDENTIFIER = com.thk.DaangnMarketClone;
				PRODUCT_NAME = "$(TARGET_NAME)";
				SWIFT_EMIT_LOC_STRINGS = YES;
				SWIFT_VERSION = 5.0;
				TARGETED_DEVICE_FAMILY = "1,2";
			};
			name = Debug;
		};
		F81BAF5929A7225300E8761D /* Release */ = {
			isa = XCBuildConfiguration;
			baseConfigurationReference = 6BF0F83029071778FAE62952 /* Pods-DaangnMarketClone.release.xcconfig */;
			buildSettings = {
				ASSETCATALOG_COMPILER_APPICON_NAME = AppIcon;
				ASSETCATALOG_COMPILER_GLOBAL_ACCENT_COLOR_NAME = AccentColor;
				CODE_SIGN_STYLE = Automatic;
				CURRENT_PROJECT_VERSION = 1;
				DEVELOPMENT_TEAM = PK8R4W75W3;
				GENERATE_INFOPLIST_FILE = YES;
				INFOPLIST_FILE = DaangnMarketClone/Info.plist;
				INFOPLIST_KEY_UIApplicationSupportsIndirectInputEvents = YES;
				INFOPLIST_KEY_UILaunchStoryboardName = LaunchScreen;
				INFOPLIST_KEY_UISupportedInterfaceOrientations_iPad = "UIInterfaceOrientationPortrait UIInterfaceOrientationPortraitUpsideDown UIInterfaceOrientationLandscapeLeft UIInterfaceOrientationLandscapeRight";
				INFOPLIST_KEY_UISupportedInterfaceOrientations_iPhone = "UIInterfaceOrientationPortrait UIInterfaceOrientationLandscapeLeft UIInterfaceOrientationLandscapeRight";
				IPHONEOS_DEPLOYMENT_TARGET = 13.0;
				LD_RUNPATH_SEARCH_PATHS = (
					"$(inherited)",
					"@executable_path/Frameworks",
				);
				MARKETING_VERSION = 1.0;
				PRODUCT_BUNDLE_IDENTIFIER = com.thk.DaangnMarketClone;
				PRODUCT_NAME = "$(TARGET_NAME)";
				SWIFT_EMIT_LOC_STRINGS = YES;
				SWIFT_VERSION = 5.0;
				TARGETED_DEVICE_FAMILY = "1,2";
			};
			name = Release;
		};
/* End XCBuildConfiguration section */

/* Begin XCConfigurationList section */
		F81BAF3E29A7225100E8761D /* Build configuration list for PBXProject "DaangnMarketClone" */ = {
			isa = XCConfigurationList;
			buildConfigurations = (
				F81BAF5529A7225300E8761D /* Debug */,
				F81BAF5629A7225300E8761D /* Release */,
			);
			defaultConfigurationIsVisible = 0;
			defaultConfigurationName = Release;
		};
		F81BAF5729A7225300E8761D /* Build configuration list for PBXNativeTarget "DaangnMarketClone" */ = {
			isa = XCConfigurationList;
			buildConfigurations = (
				F81BAF5829A7225300E8761D /* Debug */,
				F81BAF5929A7225300E8761D /* Release */,
			);
			defaultConfigurationIsVisible = 0;
			defaultConfigurationName = Release;
		};
/* End XCConfigurationList section */
	};
	rootObject = F81BAF3B29A7225100E8761D /* Project object */;
}
